# This file is automatically @generated by Cargo.
# It is not intended for manual editing.
version = 4

[[package]]
name = "planner"
version = "0.1.0"
dependencies = [
 "ttf-parser",
 "unicode-general-category",
]

[[package]]
name = "ttf-parser"
version = "0.25.1"
source = "registry+https://github.com/rust-lang/crates.io-index"
checksum = "d2df906b07856748fa3f6e0ad0cbaa047052d4a7dd609e231c4f72cee8c36f31"

[[package]]
name = "unicode-general-category"
version = "1.1.0"
source = "registry+https://github.com/rust-lang/crates.io-index"
checksum = "0b993bddc193ae5bd0d623b49ec06ac3e9312875fdae725a975c51db1cc1677f"
